
Microsoft Visual Studio Solution File, Format Version 12.00
# Visual Studio Version 17
VisualStudioVersion = 17.0.32126.317
MinimumVisualStudioVersion = 10.0.40219.1
Project("{8BC9CEB8-8B4A-11D0-8D11-00A0C91BC942}") = "a01_변수", "a01_변수\a01_변수.vcxproj", "{4604657D-B732-4FCD-B8B1-8ECF3535AC51}"
EndProject
Project("{8BC9CEB8-8B4A-11D0-8D11-00A0C91BC942}") = "a02_입력", "a02_입력\a02_입력.vcxproj", "{88704BA4-44CE-4A8E-8F79-7C01F31A2BBE}"
EndProject
Project("{8BC9CEB8-8B4A-11D0-8D11-00A0C91BC942}") = "a03_연산자", "a03_연산자\a03_연산자.vcxproj", "{DD3AD430-6AB4-4916-B16A-958AF52725D4}"
EndProject
Project("{8BC9CEB8-8B4A-11D0-8D11-00A0C91BC942}") = "a04_문자열", "a04_문자열\a04_문자열.vcxproj", "{9D1AD288-D699-4D65-8A1D-BE1A6EC76DCA}"
EndProject
Project("{8BC9CEB8-8B4A-11D0-8D11-00A0C91BC942}") = "a05_조건", "a05_조건\a05_조건.vcxproj", "{2E6BA9C8-EF97-4A8D-B57F-F318B2D710EB}"
EndProject
Project("{8BC9CEB8-8B4A-11D0-8D11-00A0C91BC942}") = "a06_반복", "a06_반복\a06_반복.vcxproj", "{DA827E52-0B4D-46E0-B1B0-37499CB1231E}"
EndProject
Project("{8BC9CEB8-8B4A-11D0-8D11-00A0C91BC942}") = "a07_함수", "a07_함수\a07_함수.vcxproj", "{C366CA25-5141-4644-918B-201F10250506}"
EndProject
Project("{8BC9CEB8-8B4A-11D0-8D11-00A0C91BC942}") = "a08_배열", "a08_배열\a08_배열.vcxproj", "{697871E5-59D4-4A94-BCEB-59AB5A110A79}"
EndProject
Project("{8BC9CEB8-8B4A-11D0-8D11-00A0C91BC942}") = "a09_포인터", "a09_포인터\a09_포인터.vcxproj", "{2CD51B2D-26E9-47BB-A1D1-74092EC787B4}"
EndProject
Project("{8BC9CEB8-8B4A-11D0-8D11-00A0C91BC942}") = "a10_소스파일관리", "a10_소스파일관리\a10_소스파일관리.vcxproj", "{BE7FDA24-8254-4DD5-98F1-620AAB914580}"
EndProject
Global
	GlobalSection(SolutionConfigurationPlatforms) = preSolution
		Debug|x64 = Debug|x64
		Debug|x86 = Debug|x86
		Release|x64 = Release|x64
		Release|x86 = Release|x86
	EndGlobalSection
	GlobalSection(ProjectConfigurationPlatforms) = postSolution
		{4604657D-B732-4FCD-B8B1-8ECF3535AC51}.Debug|x64.ActiveCfg = Debug|x64
		{4604657D-B732-4FCD-B8B1-8ECF3535AC51}.Debug|x64.Build.0 = Debug|x64
		{4604657D-B732-4FCD-B8B1-8ECF3535AC51}.Debug|x86.ActiveCfg = Debug|Win32
		{4604657D-B732-4FCD-B8B1-8ECF3535AC51}.Debug|x86.Build.0 = Debug|Win32
		{4604657D-B732-4FCD-B8B1-8ECF3535AC51}.Release|x64.ActiveCfg = Release|x64
		{4604657D-B732-4FCD-B8B1-8ECF3535AC51}.Release|x64.Build.0 = Release|x64
		{4604657D-B732-4FCD-B8B1-8ECF3535AC51}.Release|x86.ActiveCfg = Release|Win32
		{4604657D-B732-4FCD-B8B1-8ECF3535AC51}.Release|x86.Build.0 = Release|Win32
		{88704BA4-44CE-4A8E-8F79-7C01F31A2BBE}.Debug|x64.ActiveCfg = Debug|x64
		{88704BA4-44CE-4A8E-8F79-7C01F31A2BBE}.Debug|x64.Build.0 = Debug|x64
		{88704BA4-44CE-4A8E-8F79-7C01F31A2BBE}.Debug|x86.ActiveCfg = Debug|Win32
		{88704BA4-44CE-4A8E-8F79-7C01F31A2BBE}.Debug|x86.Build.0 = Debug|Win32
		{88704BA4-44CE-4A8E-8F79-7C01F31A2BBE}.Release|x64.ActiveCfg = Release|x64
		{88704BA4-44CE-4A8E-8F79-7C01F31A2BBE}.Release|x64.Build.0 = Release|x64
		{88704BA4-44CE-4A8E-8F79-7C01F31A2BBE}.Release|x86.ActiveCfg = Release|Win32
		{88704BA4-44CE-4A8E-8F79-7C01F31A2BBE}.Release|x86.Build.0 = Release|Win32
		{DD3AD430-6AB4-4916-B16A-958AF52725D4}.Debug|x64.ActiveCfg = Debug|x64
		{DD3AD430-6AB4-4916-B16A-958AF52725D4}.Debug|x64.Build.0 = Debug|x64
		{DD3AD430-6AB4-4916-B16A-958AF52725D4}.Debug|x86.ActiveCfg = Debug|Win32
		{DD3AD430-6AB4-4916-B16A-958AF52725D4}.Debug|x86.Build.0 = Debug|Win32
		{DD3AD430-6AB4-4916-B16A-958AF52725D4}.Release|x64.ActiveCfg = Release|x64
		{DD3AD430-6AB4-4916-B16A-958AF52725D4}.Release|x64.Build.0 = Release|x64
		{DD3AD430-6AB4-4916-B16A-958AF52725D4}.Release|x86.ActiveCfg = Release|Win32
		{DD3AD430-6AB4-4916-B16A-958AF52725D4}.Release|x86.Build.0 = Release|Win32
		{9D1AD288-D699-4D65-8A1D-BE1A6EC76DCA}.Debug|x64.ActiveCfg = Debug|x64
		{9D1AD288-D699-4D65-8A1D-BE1A6EC76DCA}.Debug|x64.Build.0 = Debug|x64
		{9D1AD288-D699-4D65-8A1D-BE1A6EC76DCA}.Debug|x86.ActiveCfg = Debug|Win32
		{9D1AD288-D699-4D65-8A1D-BE1A6EC76DCA}.Debug|x86.Build.0 = Debug|Win32
		{9D1AD288-D699-4D65-8A1D-BE1A6EC76DCA}.Release|x64.ActiveCfg = Release|x64
		{9D1AD288-D699-4D65-8A1D-BE1A6EC76DCA}.Release|x64.Build.0 = Release|x64
		{9D1AD288-D699-4D65-8A1D-BE1A6EC76DCA}.Release|x86.ActiveCfg = Release|Win32
		{9D1AD288-D699-4D65-8A1D-BE1A6EC76DCA}.Release|x86.Build.0 = Release|Win32
		{2E6BA9C8-EF97-4A8D-B57F-F318B2D710EB}.Debug|x64.ActiveCfg = Debug|x64
		{2E6BA9C8-EF97-4A8D-B57F-F318B2D710EB}.Debug|x64.Build.0 = Debug|x64
		{2E6BA9C8-EF97-4A8D-B57F-F318B2D710EB}.Debug|x86.ActiveCfg = Debug|Win32
		{2E6BA9C8-EF97-4A8D-B57F-F318B2D710EB}.Debug|x86.Build.0 = Debug|Win32
		{2E6BA9C8-EF97-4A8D-B57F-F318B2D710EB}.Release|x64.ActiveCfg = Release|x64
		{2E6BA9C8-EF97-4A8D-B57F-F318B2D710EB}.Release|x64.Build.0 = Release|x64
		{2E6BA9C8-EF97-4A8D-B57F-F318B2D710EB}.Release|x86.ActiveCfg = Release|Win32
		{2E6BA9C8-EF97-4A8D-B57F-F318B2D710EB}.Release|x86.Build.0 = Release|Win32
		{DA827E52-0B4D-46E0-B1B0-37499CB1231E}.Debug|x64.ActiveCfg = Debug|x64
		{DA827E52-0B4D-46E0-B1B0-37499CB1231E}.Debug|x64.Build.0 = Debug|x64
		{DA827E52-0B4D-46E0-B1B0-37499CB1231E}.Debug|x86.ActiveCfg = Debug|Win32
		{DA827E52-0B4D-46E0-B1B0-37499CB1231E}.Debug|x86.Build.0 = Debug|Win32
		{DA827E52-0B4D-46E0-B1B0-37499CB1231E}.Release|x64.ActiveCfg = Release|x64
		{DA827E52-0B4D-46E0-B1B0-37499CB1231E}.Release|x64.Build.0 = Release|x64
		{DA827E52-0B4D-46E0-B1B0-37499CB1231E}.Release|x86.ActiveCfg = Release|Win32
		{DA827E52-0B4D-46E0-B1B0-37499CB1231E}.Release|x86.Build.0 = Release|Win32
		{C366CA25-5141-4644-918B-201F10250506}.Debug|x64.ActiveCfg = Debug|x64
		{C366CA25-5141-4644-918B-201F10250506}.Debug|x64.Build.0 = Debug|x64
		{C366CA25-5141-4644-918B-201F10250506}.Debug|x86.ActiveCfg = Debug|Win32
		{C366CA25-5141-4644-918B-201F10250506}.Debug|x86.Build.0 = Debug|Win32
		{C366CA25-5141-4644-918B-201F10250506}.Release|x64.ActiveCfg = Release|x64
		{C366CA25-5141-4644-918B-201F10250506}.Release|x64.Build.0 = Release|x64
		{C366CA25-5141-4644-918B-201F10250506}.Release|x86.ActiveCfg = Release|Win32
		{C366CA25-5141-4644-918B-201F10250506}.Release|x86.Build.0 = Release|Win32
		{697871E5-59D4-4A94-BCEB-59AB5A110A79}.Debug|x64.ActiveCfg = Debug|x64
		{697871E5-59D4-4A94-BCEB-59AB5A110A79}.Debug|x64.Build.0 = Debug|x64
		{697871E5-59D4-4A94-BCEB-59AB5A110A79}.Debug|x86.ActiveCfg = Debug|Win32
		{697871E5-59D4-4A94-BCEB-59AB5A110A79}.Debug|x86.Build.0 = Debug|Win32
		{697871E5-59D4-4A94-BCEB-59AB5A110A79}.Release|x64.ActiveCfg = Release|x64
		{697871E5-59D4-4A94-BCEB-59AB5A110A79}.Release|x64.Build.0 = Release|x64
		{697871E5-59D4-4A94-BCEB-59AB5A110A79}.Release|x86.ActiveCfg = Release|Win32
		{697871E5-59D4-4A94-BCEB-59AB5A110A79}.Release|x86.Build.0 = Release|Win32
		{2CD51B2D-26E9-47BB-A1D1-74092EC787B4}.Debug|x64.ActiveCfg = Debug|x64
		{2CD51B2D-26E9-47BB-A1D1-74092EC787B4}.Debug|x64.Build.0 = Debug|x64
		{2CD51B2D-26E9-47BB-A1D1-74092EC787B4}.Debug|x86.ActiveCfg = Debug|Win32
		{2CD51B2D-26E9-47BB-A1D1-74092EC787B4}.Debug|x86.Build.0 = Debug|Win32
		{2CD51B2D-26E9-47BB-A1D1-74092EC787B4}.Release|x64.ActiveCfg = Release|x64
		{2CD51B2D-26E9-47BB-A1D1-74092EC787B4}.Release|x64.Build.0 = Release|x64
		{2CD51B2D-26E9-47BB-A1D1-74092EC787B4}.Release|x86.ActiveCfg = Release|Win32
		{2CD51B2D-26E9-47BB-A1D1-74092EC787B4}.Release|x86.Build.0 = Release|Win32
		{BE7FDA24-8254-4DD5-98F1-620AAB914580}.Debug|x64.ActiveCfg = Debug|x64
		{BE7FDA24-8254-4DD5-98F1-620AAB914580}.Debug|x64.Build.0 = Debug|x64
		{BE7FDA24-8254-4DD5-98F1-620AAB914580}.Debug|x86.ActiveCfg = Debug|Win32
		{BE7FDA24-8254-4DD5-98F1-620AAB914580}.Debug|x86.Build.0 = Debug|Win32
		{BE7FDA24-8254-4DD5-98F1-620AAB914580}.Release|x64.ActiveCfg = Release|x64
		{BE7FDA24-8254-4DD5-98F1-620AAB914580}.Release|x64.Build.0 = Release|x64
		{BE7FDA24-8254-4DD5-98F1-620AAB914580}.Release|x86.ActiveCfg = Release|Win32
		{BE7FDA24-8254-4DD5-98F1-620AAB914580}.Release|x86.Build.0 = Release|Win32
	EndGlobalSection
	GlobalSection(SolutionProperties) = preSolution
		HideSolutionNode = FALSE
	EndGlobalSection
	GlobalSection(ExtensibilityGlobals) = postSolution
		SolutionGuid = {4307D06F-A5F1-4A98-94C5-1BD459046195}
	EndGlobalSection
EndGlobal
